// !$*UTF8*$!
{
	archiveVersion = 1;
	classes = {
	};
	objectVersion = 60;
	objects = {

/* Begin PBXBuildFile section */
		1EAAA0012B00000100000001 /* LenkaWebWrapperApp.swift in Sources */ = {isa = PBXBuildFile; fileRef = 1EAAA0112B00000100000001 /* LenkaWebWrapperApp.swift */; };
		1EAAA0022B00000100000001 /* ContentView.swift in Sources */ = {isa = PBXBuildFile; fileRef = 1EAAA0122B00000100000001 /* ContentView.swift */; };
		1EAAA0032B00000100000001 /* WebView.swift in Sources */ = {isa = PBXBuildFile; fileRef = 1EAAA0132B00000100000001 /* WebView.swift */; };
		1EAAA0042B00000100000001 /* Assets.xcassets in Resources */ = {isa = PBXBuildFile; fileRef = 1EAAA0142B00000100000001 /* Assets.xcassets */; };
		1EAAA0052B00000100000001 /* LaunchScreen.storyboard in Resources */ = {isa = PBXBuildFile; fileRef = 1EAAA0152B00000100000001 /* LaunchScreen.storyboard */; };
/* End PBXBuildFile section */

/* Begin PBXFileReference section */
		1EAAA0112B00000100000001 /* LenkaWebWrapperApp.swift */ = {isa = PBXFileReference; lastKnownFileType = sourcecode.swift; path = LenkaWebWrapperApp.swift; sourceTree = "<group>"; };
		1EAAA0122B00000100000001 /* ContentView.swift */ = {isa = PBXFileReference; lastKnownFileType = sourcecode.swift; path = ContentView.swift; sourceTree = "<group>"; };
		1EAAA0132B00000100000001 /* WebView.swift */ = {isa = PBXFileReference; lastKnownFileType = sourcecode.swift; path = WebView.swift; sourceTree = "<group>"; };
		1EAAA0142B00000100000001 /* Assets.xcassets */ = {isa = PBXFileReference; lastKnownFileType = folder.assetcatalog; path = Assets.xcassets; sourceTree = "<group>"; };
		1EAAA0162B00000100000001 /* Info.plist */ = {isa = PBXFileReference; lastKnownFileType = text.plist.xml; path = Info.plist; sourceTree = "<group>"; };
		1EAAA0172B00000100000001 /* Base */ = {isa = PBXFileReference; lastKnownFileType = file.storyboard; name = Base; path = Base.lproj/LaunchScreen.storyboard; sourceTree = "<group>"; };
		1EAAA0202B00000100000001 /* LenkaWebWrapper.app */ = {isa = PBXFileReference; explicitFileType = wrapper.application; includeInIndex = 0; path = LenkaWebWrapper.app; sourceTree = BUILT_PRODUCTS_DIR; };
/* End PBXFileReference section */

/* Begin PBXFrameworksBuildPhase section */
		1EAAA0402B00000100000001 /* Frameworks */ = {
			isa = PBXFrameworksBuildPhase;
			buildActionMask = 2147483647;
			files = (
			);
			runOnlyForDeploymentPostprocessing = 0;
		};
/* End PBXFrameworksBuildPhase section */

/* Begin PBXGroup section */
		1EAAA0602B00000100000001 = {
			isa = PBXGroup;
			children = (
				1EAAA0702B00000100000001 /* LenkaWebWrapper */,
				1EAAA0202B00000100000001 /* LenkaWebWrapper.app */,
			);
			sourceTree = "<group>";
		};
		1EAAA0702B00000100000001 /* LenkaWebWrapper */ = {
			isa = PBXGroup;
			children = (
				1EAAA0112B00000100000001 /* LenkaWebWrapperApp.swift */,
				1EAAA0122B00000100000001 /* ContentView.swift */,
				1EAAA0132B00000100000001 /* WebView.swift */,
				1EAAA0142B00000100000001 /* Assets.xcassets */,
				1EAAA0152B00000100000001 /* LaunchScreen.storyboard */,
				1EAAA0162B00000100000001 /* Info.plist */,
			);
			path = LenkaWebWrapper;
			sourceTree = "<group>";
		};
/* End PBXGroup section */

/* Begin PBXNativeTarget section */
		1EAAA0802B00000100000001 /* LenkaWebWrapper */ = {
			isa = PBXNativeTarget;
			buildConfigurationList = 1EAAA0B02B00000100000001 /* Build configuration list for PBXNativeTarget "LenkaWebWrapper" */;
			buildPhases = (
				1EAAA0A02B00000100000001 /* Sources */,
				1EAAA0402B00000100000001 /* Frameworks */,
				1EAAA0A12B00000100000001 /* Resources */,
			);
			buildRules = (
			);
			dependencies = (
			);
			name = LenkaWebWrapper;
			productName = LenkaWebWrapper;
			productReference = 1EAAA0202B00000100000001 /* LenkaWebWrapper.app */;
			productType = "com.apple.product-type.application";
		};
/* End PBXNativeTarget section */

/* Begin PBXProject section */
		1EAAA0902B00000100000001 /* Project object */ = {
			isa = PBXProject;
			attributes = {
				LastSwiftUpdateCheck = 1500;
				LastUpgradeCheck = 1500;
				ORGANIZATIONNAME = "";
				TargetAttributes = {
					1EAAA0802B00000100000001 = {
						CreatedOnToolsVersion = 15.0;
					};
				};
			};
			buildConfigurationList = 1EAAA0C02B00000100000001 /* Build configuration list for PBXProject "LenkaWebWrapper" */;
			compatibilityVersion = "Xcode 15.0";
			developmentRegion = en;
			hasScannedForEncodings = 0;
			knownRegions = (
				en,
				Base,
			);
			mainGroup = 1EAAA0602B00000100000001;
			productRefGroup = 1EAAA0602B00000100000001;
			projectDirPath = "";
			projectRoot = "";
			targets = (
				1EAAA0802B00000100000001 /* LenkaWebWrapper */,
			);
		};
/* End PBXProject section */

/* Begin PBXResourcesBuildPhase section */
		1EAAA0A12B00000100000001 /* Resources */ = {
			isa = PBXResourcesBuildPhase;
			buildActionMask = 2147483647;
			files = (
				1EAAA0042B00000100000001 /* Assets.xcassets in Resources */,
				1EAAA0052B00000100000001 /* LaunchScreen.storyboard in Resources */,
			);
			runOnlyForDeploymentPostprocessing = 0;
		};
/* End PBXResourcesBuildPhase section */

/* Begin PBXSourcesBuildPhase section */
		1EAAA0A02B00000100000001 /* Sources */ = {
			isa = PBXSourcesBuildPhase;
			buildActionMask = 2147483647;
			files = (
				1EAAA0012B00000100000001 /* LenkaWebWrapperApp.swift in Sources */,
				1EAAA0022B00000100000001 /* ContentView.swift in Sources */,
				1EAAA0032B00000100000001 /* WebView.swift in Sources */,
			);
			runOnlyForDeploymentPostprocessing = 0;
		};
/* End PBXSourcesBuildPhase section */

/* Begin PBXVariantGroup section */
		1EAAA0152B00000100000001 /* LaunchScreen.storyboard */ = {
			isa = PBXVariantGroup;
			children = (
				1EAAA0172B00000100000001 /* Base */,
			);
			name = LaunchScreen.storyboard;
			sourceTree = "<group>";
		};
/* End PBXVariantGroup section */

/* Begin XCBuildConfiguration section */
		1EAAA0D02B00000100000001 /* Debug */ = {
			isa = XCBuildConfiguration;
			buildSettings = {
				ALWAYS_SEARCH_USER_PATHS = NO;
				ASSETCATALOG_COMPILER_APPICON_NAME = AppIcon;
				CLANG_ANALYZER_NONNULL = YES;
				CLANG_ANALYZER_NUMBER_OBJECT_CONVERSION = YES_AGGRESSIVE;
				CLANG_CXX_LANGUAGE_STANDARD = "gnu++17";
				CLANG_ENABLE_MODULES = YES;
				CLANG_ENABLE_OBJC_ARC = YES;
				CLANG_ENABLE_OBJC_WEAK = YES;
				CLANG_WARN_BLOCK_CAPTURE_AUTORELEASING = YES;
				CLANG_WARN_BOOL_CONVERSION = YES;
				CLANG_WARN_COMMA = YES;
				CLANG_WARN_CONSTANT_CONVERSION = YES;
				CLANG_WARN_DEPRECATED_OBJC_IMPLEMENTATIONS = YES;
				CLANG_WARN_DIRECT_OBJC_ISA_USAGE = YES_ERROR;
				CLANG_WARN_DOCUMENTATION_COMMENTS = YES;
				CLANG_WARN_EMPTY_BODY = YES;
				CLANG_WARN_ENUM_CONVERSION = YES;
				CLANG_WARN_INFINITE_RECURSION = YES;
				CLANG_WARN_INT_CONVERSION = YES;
				CLANG_WARN_NON_LITERAL_NULL_CONVERSION = YES;
				CLANG_WARN_OBJC_IMPLICIT_RETAIN_SELF = YES;
				CLANG_WARN_OBJC_LITERAL_CONVERSION = YES;
				CLANG_WARN_RANGE_LOOP_ANALYSIS = YES;
				CLANG_WARN_STRICT_PROTOTYPES = YES;
				CLANG_WARN_SUSPICIOUS_MOVE = YES;
				CLANG_WARN_UNGUARDED_AVAILABILITY = YES_AGGRESSIVE;
				CODE_SIGN_STYLE = Automatic;
				CURRENT_PROJECT_VERSION = 1;
				DEVELOPMENT_TEAM = F6RURHD992;
				ENABLE_PREVIEWS = YES;
				GCC_C_LANGUAGE_STANDARD = gnu11;
				GENERATE_INFOPLIST_FILE = NO;
				INFOPLIST_FILE = LenkaWebWrapper/Info.plist;
				IPHONEOS_DEPLOYMENT_TARGET = 15.0;
				LD_RUNPATH_SEARCH_PATHS = (
					"$(inherited)",
					"@executable_path/Frameworks",
				);
				MARKETING_VERSION = 1.0;
				PRODUCT_BUNDLE_IDENTIFIER = com.lenka.wrapper;
				PRODUCT_NAME = "$(TARGET_NAME)";
				SDKROOT = iphoneos;
				SWIFT_ACTIVE_COMPILATION_CONDITIONS = DEBUG;
				SWIFT_OPTIMIZATION_LEVEL = "-Onone";
				SWIFT_VERSION = 5.0;
				TARGETED_DEVICE_FAMILY = "1,2";
			};
			name = Debug;
		};
		1EAAA0E02B00000100000001 /* Release */ = {
			isa = XCBuildConfiguration;
			buildSettings = {
				ALWAYS_SEARCH_USER_PATHS = NO;
				ASSETCATALOG_COMPILER_APPICON_NAME = AppIcon;
				CLANG_ANALYZER_NONNULL = YES;
				CLANG_ANALYZER_NUMBER_OBJECT_CONVERSION = YES_AGGRESSIVE;
				CLANG_CXX_LANGUAGE_STANDARD = "gnu++17";
				CLANG_ENABLE_MODULES = YES;
				CLANG_ENABLE_OBJC_ARC = YES;
				CLANG_ENABLE_OBJC_WEAK = YES;
				CLANG_WARN_BLOCK_CAPTURE_AUTORELEASING = YES;
				CLANG_WARN_BOOL_CONVERSION = YES;
				CLANG_WARN_COMMA = YES;
				CLANG_WARN_CONSTANT_CONVERSION = YES;
				CLANG_WARN_DEPRECATED_OBJC_IMPLEMENTATIONS = YES;
				CLANG_WARN_DIRECT_OBJC_ISA_USAGE = YES_ERROR;
				CLANG_WARN_DOCUMENTATION_COMMENTS = YES;
				CLANG_WARN_EMPTY_BODY = YES;
				CLANG_WARN_ENUM_CONVERSION = YES;
				CLANG_WARN_INFINITE_RECURSION = YES;
				CLANG_WARN_INT_CONVERSION = YES;
				CLANG_WARN_NON_LITERAL_NULL_CONVERSION = YES;
				CLANG_WARN_OBJC_IMPLICIT_RETAIN_SELF = YES;
				CLANG_WARN_OBJC_LITERAL_CONVERSION = YES;
				CLANG_WARN_RANGE_LOOP_ANALYSIS = YES;
				CLANG_WARN_STRICT_PROTOTYPES = YES;
				CLANG_WARN_SUSPICIOUS_MOVE = YES;
				CLANG_WARN_UNGUARDED_AVAILABILITY = YES_AGGRESSIVE;
				CODE_SIGN_STYLE = Automatic;
				CURRENT_PROJECT_VERSION = 1;
				DEVELOPMENT_TEAM = F6RURHD992;
				ENABLE_PREVIEWS = YES;
				GCC_C_LANGUAGE_STANDARD = gnu11;
				GENERATE_INFOPLIST_FILE = NO;
				INFOPLIST_FILE = LenkaWebWrapper/Info.plist;
				IPHONEOS_DEPLOYMENT_TARGET = 15.0;
				LD_RUNPATH_SEARCH_PATHS = (
					"$(inherited)",
					"@executable_path/Frameworks",
				);
				MARKETING_VERSION = 1.0;
				PRODUCT_BUNDLE_IDENTIFIER = com.lenka.wrapper;
				PRODUCT_NAME = "$(TARGET_NAME)";
				SDKROOT = iphoneos;
				SWIFT_VERSION = 5.0;
				TARGETED_DEVICE_FAMILY = "1,2";
			};
			name = Release;
		};
/* End XCBuildConfiguration section */

/* Begin XCConfigurationList section */
		1EAAA0B02B00000100000001 /* Build configuration list for PBXNativeTarget "LenkaWebWrapper" */ = {
			isa = XCConfigurationList;
			buildConfigurations = (
				1EAAA0D02B00000100000001 /* Debug */,
				1EAAA0E02B00000100000001 /* Release */,
			);
			defaultConfigurationIsVisible = 0;
			defaultConfigurationName = Release;
		};
		1EAAA0C02B00000100000001 /* Build configuration list for PBXProject "LenkaWebWrapper" */ = {
			isa = XCConfigurationList;
			buildConfigurations = (
				1EAAA0D02B00000100000001 /* Debug */,
				1EAAA0E02B00000100000001 /* Release */,
			);
			defaultConfigurationIsVisible = 0;
			defaultConfigurationName = Release;
		};
/* End XCConfigurationList section */
	};
	rootObject = 1EAAA0902B00000100000001 /* Project object */;
}
